
Microsoft Visual Studio Solution File, Format Version 12.00
# Visual Studio Version 17
VisualStudioVersion = 17.1.32210.238
MinimumVisualStudioVersion = 10.0.40219.1
Project("{2150E333-8FDC-42A3-9474-1A3956D46DE8}") = "Infrastructure", "Infrastructure", "{DCE77608-17F7-437C-BA32-DDAA6411D1D6}"
EndProject
Project("{9A19103F-16F7-4668-BE54-9A1E7A4F7556}") = "Youtube", "Youtube\Youtube.csproj", "{865A3E85-D484-4CE2-9F18-06D3BEBE807B}"
EndProject
Project("{9A19103F-16F7-4668-BE54-9A1E7A4F7556}") = "MovieRecommender.TestConsole", "MovieRecommender.TestConsole\MovieRecommender.TestConsole.csproj", "{BFC6FA3B-591C-40B2-A022-440FD44C9C40}"
EndProject
Project("{9A19103F-16F7-4668-BE54-9A1E7A4F7556}") = "SendGrid", "SendGrid\SendGrid.csproj", "{A6C8513E-017B-427C-8EB7-46E4BFF283D9}"
EndProject
Project("{9A19103F-16F7-4668-BE54-9A1E7A4F7556}") = "TMDb", "TMDb\TMDb.csproj", "{DC3B784D-FDF1-4234-AC5B-960EF0E74563}"
EndProject
Project("{2150E333-8FDC-42A3-9474-1A3956D46DE8}") = "Tests", "Tests", "{7C0A5951-8377-4E5B-A257-FF12F9FA1C93}"
EndProject
Project("{2150E333-8FDC-42A3-9474-1A3956D46DE8}") = "Presentation", "Presentation", "{61E8CEA9-DC86-4C58-9D1E-608E92D2F519}"
EndProject
Project("{9A19103F-16F7-4668-BE54-9A1E7A4F7556}") = "MovieRecommender.WebApi", "MovieRecommender.WebApi\MovieRecommender.WebApi.csproj", "{76AEF70F-833C-4C80-A543-F84FFAD0B7B0}"
EndProject
Project("{2150E333-8FDC-42A3-9474-1A3956D46DE8}") = "Core", "Core", "{024FBB67-77D4-4456-A91E-C2CD9EF4D2BE}"
EndProject
Project("{9A19103F-16F7-4668-BE54-9A1E7A4F7556}") = "MovieRecommender.Application", "MovieRecommender.Application\MovieRecommender.Application.csproj", "{87926064-3049-45DE-BE1A-5C3F15E7AF7A}"
EndProject
Project("{9A19103F-16F7-4668-BE54-9A1E7A4F7556}") = "MovieRecommender.Domain", "MovieRecommender.Domain\MovieRecommender.Domain.csproj", "{3427B8BF-E6E2-42F2-B457-BAE464FB8E26}"
EndProject
Project("{9A19103F-16F7-4668-BE54-9A1E7A4F7556}") = "MovieRecommender.DataAccess", "MovieRecommender.DataAccess\MovieRecommender.DataAccess.csproj", "{6AFF474E-753B-4DFF-9C43-E2CA29DA7EFB}"
EndProject
Project("{FAE04EC0-301F-11D3-BF4B-00C04F79EFBC}") = "MovieRecommender.WebApi.TestPerformance", "MovieRecommender.WebApi.TestPerformance\MovieRecommender.WebApi.TestPerformance.csproj", "{5D81F267-DB2B-4FF6-80DF-C3FF19C7C6E8}"
EndProject
Global
	GlobalSection(SolutionConfigurationPlatforms) = preSolution
		Debug|Any CPU = Debug|Any CPU
		Debug|x64 = Debug|x64
		Debug|x86 = Debug|x86
		Release|Any CPU = Release|Any CPU
		Release|x64 = Release|x64
		Release|x86 = Release|x86
	EndGlobalSection
	GlobalSection(ProjectConfigurationPlatforms) = postSolution
		{865A3E85-D484-4CE2-9F18-06D3BEBE807B}.Debug|Any CPU.ActiveCfg = Debug|Any CPU
		{865A3E85-D484-4CE2-9F18-06D3BEBE807B}.Debug|Any CPU.Build.0 = Debug|Any CPU
		{865A3E85-D484-4CE2-9F18-06D3BEBE807B}.Debug|x64.ActiveCfg = Debug|Any CPU
		{865A3E85-D484-4CE2-9F18-06D3BEBE807B}.Debug|x64.Build.0 = Debug|Any CPU
		{865A3E85-D484-4CE2-9F18-06D3BEBE807B}.Debug|x86.ActiveCfg = Debug|Any CPU
		{865A3E85-D484-4CE2-9F18-06D3BEBE807B}.Debug|x86.Build.0 = Debug|Any CPU
		{865A3E85-D484-4CE2-9F18-06D3BEBE807B}.Release|Any CPU.ActiveCfg = Release|Any CPU
		{865A3E85-D484-4CE2-9F18-06D3BEBE807B}.Release|Any CPU.Build.0 = Release|Any CPU
		{865A3E85-D484-4CE2-9F18-06D3BEBE807B}.Release|x64.ActiveCfg = Release|Any CPU
		{865A3E85-D484-4CE2-9F18-06D3BEBE807B}.Release|x64.Build.0 = Release|Any CPU
		{865A3E85-D484-4CE2-9F18-06D3BEBE807B}.Release|x86.ActiveCfg = Release|Any CPU
		{865A3E85-D484-4CE2-9F18-06D3BEBE807B}.Release|x86.Build.0 = Release|Any CPU
		{BFC6FA3B-591C-40B2-A022-440FD44C9C40}.Debug|Any CPU.ActiveCfg = Debug|Any CPU
		{BFC6FA3B-591C-40B2-A022-440FD44C9C40}.Debug|Any CPU.Build.0 = Debug|Any CPU
		{BFC6FA3B-591C-40B2-A022-440FD44C9C40}.Debug|x64.ActiveCfg = Debug|Any CPU
		{BFC6FA3B-591C-40B2-A022-440FD44C9C40}.Debug|x64.Build.0 = Debug|Any CPU
		{BFC6FA3B-591C-40B2-A022-440FD44C9C40}.Debug|x86.ActiveCfg = Debug|Any CPU
		{BFC6FA3B-591C-40B2-A022-440FD44C9C40}.Debug|x86.Build.0 = Debug|Any CPU
		{BFC6FA3B-591C-40B2-A022-440FD44C9C40}.Release|Any CPU.ActiveCfg = Release|Any CPU
		{BFC6FA3B-591C-40B2-A022-440FD44C9C40}.Release|Any CPU.Build.0 = Release|Any CPU
		{BFC6FA3B-591C-40B2-A022-440FD44C9C40}.Release|x64.ActiveCfg = Release|Any CPU
		{BFC6FA3B-591C-40B2-A022-440FD44C9C40}.Release|x64.Build.0 = Release|Any CPU
		{BFC6FA3B-591C-40B2-A022-440FD44C9C40}.Release|x86.ActiveCfg = Release|Any CPU
		{BFC6FA3B-591C-40B2-A022-440FD44C9C40}.Release|x86.Build.0 = Release|Any CPU
		{A6C8513E-017B-427C-8EB7-46E4BFF283D9}.Debug|Any CPU.ActiveCfg = Debug|Any CPU
		{A6C8513E-017B-427C-8EB7-46E4BFF283D9}.Debug|Any CPU.Build.0 = Debug|Any CPU
		{A6C8513E-017B-427C-8EB7-46E4BFF283D9}.Debug|x64.ActiveCfg = Debug|Any CPU
		{A6C8513E-017B-427C-8EB7-46E4BFF283D9}.Debug|x64.Build.0 = Debug|Any CPU
		{A6C8513E-017B-427C-8EB7-46E4BFF283D9}.Debug|x86.ActiveCfg = Debug|Any CPU
		{A6C8513E-017B-427C-8EB7-46E4BFF283D9}.Debug|x86.Build.0 = Debug|Any CPU
		{A6C8513E-017B-427C-8EB7-46E4BFF283D9}.Release|Any CPU.ActiveCfg = Release|Any CPU
		{A6C8513E-017B-427C-8EB7-46E4BFF283D9}.Release|Any CPU.Build.0 = Release|Any CPU
		{A6C8513E-017B-427C-8EB7-46E4BFF283D9}.Release|x64.ActiveCfg = Release|Any CPU
		{A6C8513E-017B-427C-8EB7-46E4BFF283D9}.Release|x64.Build.0 = Release|Any CPU
		{A6C8513E-017B-427C-8EB7-46E4BFF283D9}.Release|x86.ActiveCfg = Release|Any CPU
		{A6C8513E-017B-427C-8EB7-46E4BFF283D9}.Release|x86.Build.0 = Release|Any CPU
		{DC3B784D-FDF1-4234-AC5B-960EF0E74563}.Debug|Any CPU.ActiveCfg = Debug|Any CPU
		{DC3B784D-FDF1-4234-AC5B-960EF0E74563}.Debug|Any CPU.Build.0 = Debug|Any CPU
		{DC3B784D-FDF1-4234-AC5B-960EF0E74563}.Debug|x64.ActiveCfg = Debug|Any CPU
		{DC3B784D-FDF1-4234-AC5B-960EF0E74563}.Debug|x64.Build.0 = Debug|Any CPU
		{DC3B784D-FDF1-4234-AC5B-960EF0E74563}.Debug|x86.ActiveCfg = Debug|Any CPU
		{DC3B784D-FDF1-4234-AC5B-960EF0E74563}.Debug|x86.Build.0 = Debug|Any CPU
		{DC3B784D-FDF1-4234-AC5B-960EF0E74563}.Release|Any CPU.ActiveCfg = Release|Any CPU
		{DC3B784D-FDF1-4234-AC5B-960EF0E74563}.Release|Any CPU.Build.0 = Release|Any CPU
		{DC3B784D-FDF1-4234-AC5B-960EF0E74563}.Release|x64.ActiveCfg = Release|Any CPU
		{DC3B784D-FDF1-4234-AC5B-960EF0E74563}.Release|x64.Build.0 = Release|Any CPU
		{DC3B784D-FDF1-4234-AC5B-960EF0E74563}.Release|x86.ActiveCfg = Release|Any CPU
		{DC3B784D-FDF1-4234-AC5B-960EF0E74563}.Release|x86.Build.0 = Release|Any CPU
		{76AEF70F-833C-4C80-A543-F84FFAD0B7B0}.Debug|Any CPU.ActiveCfg = Debug|Any CPU
		{76AEF70F-833C-4C80-A543-F84FFAD0B7B0}.Debug|Any CPU.Build.0 = Debug|Any CPU
		{76AEF70F-833C-4C80-A543-F84FFAD0B7B0}.Debug|x64.ActiveCfg = Debug|Any CPU
		{76AEF70F-833C-4C80-A543-F84FFAD0B7B0}.Debug|x64.Build.0 = Debug|Any CPU
		{76AEF70F-833C-4C80-A543-F84FFAD0B7B0}.Debug|x86.ActiveCfg = Debug|Any CPU
		{76AEF70F-833C-4C80-A543-F84FFAD0B7B0}.Debug|x86.Build.0 = Debug|Any CPU
		{76AEF70F-833C-4C80-A543-F84FFAD0B7B0}.Release|Any CPU.ActiveCfg = Release|Any CPU
		{76AEF70F-833C-4C80-A543-F84FFAD0B7B0}.Release|Any CPU.Build.0 = Release|Any CPU
		{76AEF70F-833C-4C80-A543-F84FFAD0B7B0}.Release|x64.ActiveCfg = Release|Any CPU
		{76AEF70F-833C-4C80-A543-F84FFAD0B7B0}.Release|x64.Build.0 = Release|Any CPU
		{76AEF70F-833C-4C80-A543-F84FFAD0B7B0}.Release|x86.ActiveCfg = Release|Any CPU
		{76AEF70F-833C-4C80-A543-F84FFAD0B7B0}.Release|x86.Build.0 = Release|Any CPU
		{87926064-3049-45DE-BE1A-5C3F15E7AF7A}.Debug|Any CPU.ActiveCfg = Debug|Any CPU
		{87926064-3049-45DE-BE1A-5C3F15E7AF7A}.Debug|Any CPU.Build.0 = Debug|Any CPU
		{87926064-3049-45DE-BE1A-5C3F15E7AF7A}.Debug|x64.ActiveCfg = Debug|Any CPU
		{87926064-3049-45DE-BE1A-5C3F15E7AF7A}.Debug|x64.Build.0 = Debug|Any CPU
		{87926064-3049-45DE-BE1A-5C3F15E7AF7A}.Debug|x86.ActiveCfg = Debug|Any CPU
		{87926064-3049-45DE-BE1A-5C3F15E7AF7A}.Debug|x86.Build.0 = Debug|Any CPU
		{87926064-3049-45DE-BE1A-5C3F15E7AF7A}.Release|Any CPU.ActiveCfg = Release|Any CPU
		{87926064-3049-45DE-BE1A-5C3F15E7AF7A}.Release|Any CPU.Build.0 = Release|Any CPU
		{87926064-3049-45DE-BE1A-5C3F15E7AF7A}.Release|x64.ActiveCfg = Release|Any CPU
		{87926064-3049-45DE-BE1A-5C3F15E7AF7A}.Release|x64.Build.0 = Release|Any CPU
		{87926064-3049-45DE-BE1A-5C3F15E7AF7A}.Release|x86.ActiveCfg = Release|Any CPU
		{87926064-3049-45DE-BE1A-5C3F15E7AF7A}.Release|x86.Build.0 = Release|Any CPU
		{3427B8BF-E6E2-42F2-B457-BAE464FB8E26}.Debug|Any CPU.ActiveCfg = Debug|Any CPU
		{3427B8BF-E6E2-42F2-B457-BAE464FB8E26}.Debug|Any CPU.Build.0 = Debug|Any CPU
		{3427B8BF-E6E2-42F2-B457-BAE464FB8E26}.Debug|x64.ActiveCfg = Debug|Any CPU
		{3427B8BF-E6E2-42F2-B457-BAE464FB8E26}.Debug|x64.Build.0 = Debug|Any CPU
		{3427B8BF-E6E2-42F2-B457-BAE464FB8E26}.Debug|x86.ActiveCfg = Debug|Any CPU
		{3427B8BF-E6E2-42F2-B457-BAE464FB8E26}.Debug|x86.Build.0 = Debug|Any CPU
		{3427B8BF-E6E2-42F2-B457-BAE464FB8E26}.Release|Any CPU.ActiveCfg = Release|Any CPU
		{3427B8BF-E6E2-42F2-B457-BAE464FB8E26}.Release|Any CPU.Build.0 = Release|Any CPU
		{3427B8BF-E6E2-42F2-B457-BAE464FB8E26}.Release|x64.ActiveCfg = Release|Any CPU
		{3427B8BF-E6E2-42F2-B457-BAE464FB8E26}.Release|x64.Build.0 = Release|Any CPU
		{3427B8BF-E6E2-42F2-B457-BAE464FB8E26}.Release|x86.ActiveCfg = Release|Any CPU
		{3427B8BF-E6E2-42F2-B457-BAE464FB8E26}.Release|x86.Build.0 = Release|Any CPU
		{6AFF474E-753B-4DFF-9C43-E2CA29DA7EFB}.Debug|Any CPU.ActiveCfg = Debug|Any CPU
		{6AFF474E-753B-4DFF-9C43-E2CA29DA7EFB}.Debug|Any CPU.Build.0 = Debug|Any CPU
		{6AFF474E-753B-4DFF-9C43-E2CA29DA7EFB}.Debug|x64.ActiveCfg = Debug|Any CPU
		{6AFF474E-753B-4DFF-9C43-E2CA29DA7EFB}.Debug|x64.Build.0 = Debug|Any CPU
		{6AFF474E-753B-4DFF-9C43-E2CA29DA7EFB}.Debug|x86.ActiveCfg = Debug|Any CPU
		{6AFF474E-753B-4DFF-9C43-E2CA29DA7EFB}.Debug|x86.Build.0 = Debug|Any CPU
		{6AFF474E-753B-4DFF-9C43-E2CA29DA7EFB}.Release|Any CPU.ActiveCfg = Release|Any CPU
		{6AFF474E-753B-4DFF-9C43-E2CA29DA7EFB}.Release|Any CPU.Build.0 = Release|Any CPU
		{6AFF474E-753B-4DFF-9C43-E2CA29DA7EFB}.Release|x64.ActiveCfg = Release|Any CPU
		{6AFF474E-753B-4DFF-9C43-E2CA29DA7EFB}.Release|x64.Build.0 = Release|Any CPU
		{6AFF474E-753B-4DFF-9C43-E2CA29DA7EFB}.Release|x86.ActiveCfg = Release|Any CPU
		{6AFF474E-753B-4DFF-9C43-E2CA29DA7EFB}.Release|x86.Build.0 = Release|Any CPU
		{5D81F267-DB2B-4FF6-80DF-C3FF19C7C6E8}.Debug|Any CPU.ActiveCfg = Debug|Any CPU
		{5D81F267-DB2B-4FF6-80DF-C3FF19C7C6E8}.Debug|Any CPU.Build.0 = Debug|Any CPU
		{5D81F267-DB2B-4FF6-80DF-C3FF19C7C6E8}.Debug|x64.ActiveCfg = Debug|Any CPU
		{5D81F267-DB2B-4FF6-80DF-C3FF19C7C6E8}.Debug|x64.Build.0 = Debug|Any CPU
		{5D81F267-DB2B-4FF6-80DF-C3FF19C7C6E8}.Debug|x86.ActiveCfg = Debug|Any CPU
		{5D81F267-DB2B-4FF6-80DF-C3FF19C7C6E8}.Debug|x86.Build.0 = Debug|Any CPU
		{5D81F267-DB2B-4FF6-80DF-C3FF19C7C6E8}.Release|Any CPU.ActiveCfg = Release|Any CPU
		{5D81F267-DB2B-4FF6-80DF-C3FF19C7C6E8}.Release|Any CPU.Build.0 = Release|Any CPU
		{5D81F267-DB2B-4FF6-80DF-C3FF19C7C6E8}.Release|x64.ActiveCfg = Release|Any CPU
		{5D81F267-DB2B-4FF6-80DF-C3FF19C7C6E8}.Release|x64.Build.0 = Release|Any CPU
		{5D81F267-DB2B-4FF6-80DF-C3FF19C7C6E8}.Release|x86.ActiveCfg = Release|Any CPU
		{5D81F267-DB2B-4FF6-80DF-C3FF19C7C6E8}.Release|x86.Build.0 = Release|Any CPU
	EndGlobalSection
	GlobalSection(SolutionProperties) = preSolution
		HideSolutionNode = FALSE
	EndGlobalSection
	GlobalSection(NestedProjects) = preSolution
		{865A3E85-D484-4CE2-9F18-06D3BEBE807B} = {DCE77608-17F7-437C-BA32-DDAA6411D1D6}
		{BFC6FA3B-591C-40B2-A022-440FD44C9C40} = {7C0A5951-8377-4E5B-A257-FF12F9FA1C93}
		{A6C8513E-017B-427C-8EB7-46E4BFF283D9} = {DCE77608-17F7-437C-BA32-DDAA6411D1D6}
		{DC3B784D-FDF1-4234-AC5B-960EF0E74563} = {DCE77608-17F7-437C-BA32-DDAA6411D1D6}
		{76AEF70F-833C-4C80-A543-F84FFAD0B7B0} = {61E8CEA9-DC86-4C58-9D1E-608E92D2F519}
		{87926064-3049-45DE-BE1A-5C3F15E7AF7A} = {024FBB67-77D4-4456-A91E-C2CD9EF4D2BE}
		{3427B8BF-E6E2-42F2-B457-BAE464FB8E26} = {024FBB67-77D4-4456-A91E-C2CD9EF4D2BE}
		{6AFF474E-753B-4DFF-9C43-E2CA29DA7EFB} = {DCE77608-17F7-437C-BA32-DDAA6411D1D6}
		{5D81F267-DB2B-4FF6-80DF-C3FF19C7C6E8} = {7C0A5951-8377-4E5B-A257-FF12F9FA1C93}
	EndGlobalSection
	GlobalSection(ExtensibilityGlobals) = postSolution
		SolutionGuid = {7FF2F690-087E-4726-93C9-F7271F28A01B}
	EndGlobalSection
EndGlobal
